
Microsoft Visual Studio Solution File, Format Version 12.00
# Visual Studio Version 16
VisualStudioVersion = 16.0.32228.343
MinimumVisualStudioVersion = 10.0.40219.1
Project("{FAE04EC0-301F-11D3-BF4B-00C04F79EFBC}") = "grocery", "grocery\grocery.csproj", "{A504ABA7-2C9B-4ADD-A12E-B6AC76FE6EBC}"
EndProject
Global
	GlobalSection(SolutionConfigurationPlatforms) = preSolution
		Debug|Any CPU = Debug|Any CPU
		Release|Any CPU = Release|Any CPU
	EndGlobalSection
	GlobalSection(ProjectConfigurationPlatforms) = postSolution
		{A504ABA7-2C9B-4ADD-A12E-B6AC76FE6EBC}.Debug|Any CPU.ActiveCfg = Debug|Any CPU
		{A504ABA7-2C9B-4ADD-A12E-B6AC76FE6EBC}.Debug|Any CPU.Build.0 = Debug|Any CPU
		{A504ABA7-2C9B-4ADD-A12E-B6AC76FE6EBC}.Release|Any CPU.ActiveCfg = Release|Any CPU
		{A504ABA7-2C9B-4ADD-A12E-B6AC76FE6EBC}.Release|Any CPU.Build.0 = Release|Any CPU
	EndGlobalSection
	GlobalSection(SolutionProperties) = preSolution
		HideSolutionNode = FALSE
	EndGlobalSection
	GlobalSection(ExtensibilityGlobals) = postSolution
		SolutionGuid = {1E15C53C-9AE9-40CF-810F-2ED7A412C773}
	EndGlobalSection
EndGlobal
